
Microsoft Visual Studio Solution File, Format Version 12.00
# Visual Studio Version 17
VisualStudioVersion = 17.10.35122.118
MinimumVisualStudioVersion = 10.0.40219.1
Project("{FAE04EC0-301F-11D3-BF4B-00C04F79EFBC}") = "01_IntroToCSharp", "01_IntroToCSharp\01_IntroToCSharp.csproj", "{385DA08C-B3AC-48F1-91BF-7C5154C88D5C}"
EndProject
Global
	GlobalSection(SolutionConfigurationPlatforms) = preSolution
		Debug|Any CPU = Debug|Any CPU
		Release|Any CPU = Release|Any CPU
	EndGlobalSection
	GlobalSection(ProjectConfigurationPlatforms) = postSolution
		{385DA08C-B3AC-48F1-91BF-7C5154C88D5C}.Debug|Any CPU.ActiveCfg = Debug|Any CPU
		{385DA08C-B3AC-48F1-91BF-7C5154C88D5C}.Debug|Any CPU.Build.0 = Debug|Any CPU
		{385DA08C-B3AC-48F1-91BF-7C5154C88D5C}.Release|Any CPU.ActiveCfg = Release|Any CPU
		{385DA08C-B3AC-48F1-91BF-7C5154C88D5C}.Release|Any CPU.Build.0 = Release|Any CPU
	EndGlobalSection
	GlobalSection(SolutionProperties) = preSolution
		HideSolutionNode = FALSE
	EndGlobalSection
	GlobalSection(ExtensibilityGlobals) = postSolution
		SolutionGuid = {7BFB8184-C3CA-4361-A9BA-B55861F9F671}
	EndGlobalSection
EndGlobal
